// !$*UTF8*$!
{
	archiveVersion = 1;
	classes = {
	};
	objectVersion = 46;
	objects = {

/* Begin PBXBuildFile section */
		15B5B521152AF3170042EA2E /* MacAdress.m in Sources */ = {isa = PBXBuildFile; fileRef = 15B5B520152AF3170042EA2E /* MacAdress.m */; };
		15B5B527152AF4E80042EA2E /* NSString+SHA.m in Sources */ = {isa = PBXBuildFile; fileRef = 15B5B526152AF4E80042EA2E /* NSString+SHA.m */; };
		1D3623260D0F684500981E51 /* CrashManagerDemoAppDelegate.m in Sources */ = {isa = PBXBuildFile; fileRef = 1D3623250D0F684500981E51 /* CrashManagerDemoAppDelegate.m */; };
		1D60589B0D05DD56006BFB54 /* main.m in Sources */ = {isa = PBXBuildFile; fileRef = 29B97316FDCFA39411CA2CEA /* main.m */; };
		1D60589F0D05DD5A006BFB54 /* Foundation.framework in Frameworks */ = {isa = PBXBuildFile; fileRef = 1D30AB110D05D00D00671497 /* Foundation.framework */; };
		1DF5F4E00D08C38300B7A737 /* UIKit.framework in Frameworks */ = {isa = PBXBuildFile; fileRef = 1DF5F4DF0D08C38300B7A737 /* UIKit.framework */; };
		288765A50DF7441C002DB57D /* CoreGraphics.framework in Frameworks */ = {isa = PBXBuildFile; fileRef = 288765A40DF7441C002DB57D /* CoreGraphics.framework */; };
		2899E5220DE3E06400AC0155 /* CrashManagerDemoViewController.xib in Resources */ = {isa = PBXBuildFile; fileRef = 2899E5210DE3E06400AC0155 /* CrashManagerDemoViewController.xib */; };
		28AD733F0D9D9553002E5188 /* MainWindow.xib in Resources */ = {isa = PBXBuildFile; fileRef = 28AD733E0D9D9553002E5188 /* MainWindow.xib */; };
		28D7ACF80DDB3853001CB0EB /* CrashManagerDemoViewController.m in Sources */ = {isa = PBXBuildFile; fileRef = 28D7ACF70DDB3853001CB0EB /* CrashManagerDemoViewController.m */; };
		39EA50A1123F211F004E4043 /* MessageUI.framework in Frameworks */ = {isa = PBXBuildFile; fileRef = 39EA50A0123F211F004E4043 /* MessageUI.framework */; };
		39EF1F171299EC6B00261349 /* CrashManager.m in Sources */ = {isa = PBXBuildFile; fileRef = 39EF1F0D1299EC6B00261349 /* CrashManager.m */; };
		39EF1F181299EC6B00261349 /* StackTracer.m in Sources */ = {isa = PBXBuildFile; fileRef = 39EF1F0F1299EC6B00261349 /* StackTracer.m */; };
		39EF1F191299EC6B00261349 /* Mailer.m in Sources */ = {isa = PBXBuildFile; fileRef = 39EF1F141299EC6B00261349 /* Mailer.m */; };
		39EF1F1A1299EC6B00261349 /* ModalViewPresenter.m in Sources */ = {isa = PBXBuildFile; fileRef = 39EF1F161299EC6B00261349 /* ModalViewPresenter.m */; };
/* End PBXBuildFile section */

/* Begin PBXFileReference section */
		15B5B51F152AF3170042EA2E /* MacAdress.h */ = {isa = PBXFileReference; fileEncoding = 4; lastKnownFileType = sourcecode.c.h; path = MacAdress.h; sourceTree = "<group>"; };
		15B5B520152AF3170042EA2E /* MacAdress.m */ = {isa = PBXFileReference; fileEncoding = 4; lastKnownFileType = sourcecode.c.objc; path = MacAdress.m; sourceTree = "<group>"; };
		15B5B525152AF4E80042EA2E /* NSString+SHA.h */ = {isa = PBXFileReference; fileEncoding = 4; lastKnownFileType = sourcecode.c.h; path = "NSString+SHA.h"; sourceTree = "<group>"; };
		15B5B526152AF4E80042EA2E /* NSString+SHA.m */ = {isa = PBXFileReference; fileEncoding = 4; lastKnownFileType = sourcecode.c.objc; path = "NSString+SHA.m"; sourceTree = "<group>"; };
		1D30AB110D05D00D00671497 /* Foundation.framework */ = {isa = PBXFileReference; lastKnownFileType = wrapper.framework; name = Foundation.framework; path = System/Library/Frameworks/Foundation.framework; sourceTree = SDKROOT; };
		1D3623240D0F684500981E51 /* CrashManagerDemoAppDelegate.h */ = {isa = PBXFileReference; fileEncoding = 4; lastKnownFileType = sourcecode.c.h; path = CrashManagerDemoAppDelegate.h; sourceTree = "<group>"; };
		1D3623250D0F684500981E51 /* CrashManagerDemoAppDelegate.m */ = {isa = PBXFileReference; fileEncoding = 4; lastKnownFileType = sourcecode.c.objc; path = CrashManagerDemoAppDelegate.m; sourceTree = "<group>"; };
		1D6058910D05DD3D006BFB54 /* CrashManager Demo.app */ = {isa = PBXFileReference; explicitFileType = wrapper.application; includeInIndex = 0; path = "CrashManager Demo.app"; sourceTree = BUILT_PRODUCTS_DIR; };
		1DF5F4DF0D08C38300B7A737 /* UIKit.framework */ = {isa = PBXFileReference; lastKnownFileType = wrapper.framework; name = UIKit.framework; path = System/Library/Frameworks/UIKit.framework; sourceTree = SDKROOT; };
		288765A40DF7441C002DB57D /* CoreGraphics.framework */ = {isa = PBXFileReference; lastKnownFileType = wrapper.framework; name = CoreGraphics.framework; path = System/Library/Frameworks/CoreGraphics.framework; sourceTree = SDKROOT; };
		2899E5210DE3E06400AC0155 /* CrashManagerDemoViewController.xib */ = {isa = PBXFileReference; lastKnownFileType = file.xib; path = CrashManagerDemoViewController.xib; sourceTree = "<group>"; };
		28AD733E0D9D9553002E5188 /* MainWindow.xib */ = {isa = PBXFileReference; lastKnownFileType = file.xib; path = MainWindow.xib; sourceTree = "<group>"; };
		28D7ACF60DDB3853001CB0EB /* CrashManagerDemoViewController.h */ = {isa = PBXFileReference; fileEncoding = 4; lastKnownFileType = sourcecode.c.h; path = CrashManagerDemoViewController.h; sourceTree = "<group>"; };
		28D7ACF70DDB3853001CB0EB /* CrashManagerDemoViewController.m */ = {isa = PBXFileReference; fileEncoding = 4; lastKnownFileType = sourcecode.c.objc; path = CrashManagerDemoViewController.m; sourceTree = "<group>"; };
		29B97316FDCFA39411CA2CEA /* main.m */ = {isa = PBXFileReference; fileEncoding = 4; lastKnownFileType = sourcecode.c.objc; path = main.m; sourceTree = "<group>"; };
		32CA4F630368D1EE00C91783 /* CrashManager_Prefix.pch */ = {isa = PBXFileReference; fileEncoding = 4; lastKnownFileType = sourcecode.c.h; path = CrashManager_Prefix.pch; sourceTree = "<group>"; };
		39EA50A0123F211F004E4043 /* MessageUI.framework */ = {isa = PBXFileReference; lastKnownFileType = wrapper.framework; name = MessageUI.framework; path = System/Library/Frameworks/MessageUI.framework; sourceTree = SDKROOT; };
		39EF1F0C1299EC6B00261349 /* CrashManager.h */ = {isa = PBXFileReference; fileEncoding = 4; lastKnownFileType = sourcecode.c.h; path = CrashManager.h; sourceTree = "<group>"; };
		39EF1F0D1299EC6B00261349 /* CrashManager.m */ = {isa = PBXFileReference; fileEncoding = 4; lastKnownFileType = sourcecode.c.objc; path = CrashManager.m; sourceTree = "<group>"; };
		39EF1F0E1299EC6B00261349 /* StackTracer.h */ = {isa = PBXFileReference; fileEncoding = 4; lastKnownFileType = sourcecode.c.h; path = StackTracer.h; sourceTree = "<group>"; };
		39EF1F0F1299EC6B00261349 /* StackTracer.m */ = {isa = PBXFileReference; fileEncoding = 4; lastKnownFileType = sourcecode.c.objc; path = StackTracer.m; sourceTree = "<group>"; };
		39EF1F111299EC6B00261349 /* SynthesizeSingleton.h */ = {isa = PBXFileReference; fileEncoding = 4; lastKnownFileType = sourcecode.c.h; path = SynthesizeSingleton.h; sourceTree = "<group>"; };
		39EF1F131299EC6B00261349 /* Mailer.h */ = {isa = PBXFileReference; fileEncoding = 4; lastKnownFileType = sourcecode.c.h; path = Mailer.h; sourceTree = "<group>"; };
		39EF1F141299EC6B00261349 /* Mailer.m */ = {isa = PBXFileReference; fileEncoding = 4; lastKnownFileType = sourcecode.c.objc; path = Mailer.m; sourceTree = "<group>"; };
		39EF1F151299EC6B00261349 /* ModalViewPresenter.h */ = {isa = PBXFileReference; fileEncoding = 4; lastKnownFileType = sourcecode.c.h; path = ModalViewPresenter.h; sourceTree = "<group>"; };
		39EF1F161299EC6B00261349 /* ModalViewPresenter.m */ = {isa = PBXFileReference; fileEncoding = 4; lastKnownFileType = sourcecode.c.objc; path = ModalViewPresenter.m; sourceTree = "<group>"; };
		8D1107310486CEB800E47090 /* CrashManager-Info.plist */ = {isa = PBXFileReference; fileEncoding = 4; lastKnownFileType = text.plist.xml; path = "CrashManager-Info.plist"; plistStructureDefinitionIdentifier = "com.apple.xcode.plist.structure-definition.iphone.info-plist"; sourceTree = "<group>"; };
/* End PBXFileReference section */

/* Begin PBXFrameworksBuildPhase section */
		1D60588F0D05DD3D006BFB54 /* Frameworks */ = {
			isa = PBXFrameworksBuildPhase;
			buildActionMask = 2147483647;
			files = (
				1D60589F0D05DD5A006BFB54 /* Foundation.framework in Frameworks */,
				1DF5F4E00D08C38300B7A737 /* UIKit.framework in Frameworks */,
				288765A50DF7441C002DB57D /* CoreGraphics.framework in Frameworks */,
				39EA50A1123F211F004E4043 /* MessageUI.framework in Frameworks */,
			);
			runOnlyForDeploymentPostprocessing = 0;
		};
/* End PBXFrameworksBuildPhase section */

/* Begin PBXGroup section */
		080E96DDFE201D6D7F000001 /* Classes */ = {
			isa = PBXGroup;
			children = (
				1D3623240D0F684500981E51 /* CrashManagerDemoAppDelegate.h */,
				1D3623250D0F684500981E51 /* CrashManagerDemoAppDelegate.m */,
				28D7ACF60DDB3853001CB0EB /* CrashManagerDemoViewController.h */,
				28D7ACF70DDB3853001CB0EB /* CrashManagerDemoViewController.m */,
			);
			path = Classes;
			sourceTree = "<group>";
		};
		19C28FACFE9D520D11CA2CBB /* Products */ = {
			isa = PBXGroup;
			children = (
				1D6058910D05DD3D006BFB54 /* CrashManager Demo.app */,
			);
			name = Products;
			sourceTree = "<group>";
		};
		29B97314FDCFA39411CA2CEA /* CustomTemplate */ = {
			isa = PBXGroup;
			children = (
				39EF1F0A1299EC6B00261349 /* Libraries */,
				080E96DDFE201D6D7F000001 /* Classes */,
				29B97315FDCFA39411CA2CEA /* Other Sources */,
				29B97317FDCFA39411CA2CEA /* Resources */,
				29B97323FDCFA39411CA2CEA /* Frameworks */,
				19C28FACFE9D520D11CA2CBB /* Products */,
			);
			name = CustomTemplate;
			sourceTree = "<group>";
		};
		29B97315FDCFA39411CA2CEA /* Other Sources */ = {
			isa = PBXGroup;
			children = (
				32CA4F630368D1EE00C91783 /* CrashManager_Prefix.pch */,
				29B97316FDCFA39411CA2CEA /* main.m */,
			);
			name = "Other Sources";
			sourceTree = "<group>";
		};
		29B97317FDCFA39411CA2CEA /* Resources */ = {
			isa = PBXGroup;
			children = (
				2899E5210DE3E06400AC0155 /* CrashManagerDemoViewController.xib */,
				28AD733E0D9D9553002E5188 /* MainWindow.xib */,
				8D1107310486CEB800E47090 /* CrashManager-Info.plist */,
			);
			name = Resources;
			sourceTree = "<group>";
		};
		29B97323FDCFA39411CA2CEA /* Frameworks */ = {
			isa = PBXGroup;
			children = (
				1DF5F4DF0D08C38300B7A737 /* UIKit.framework */,
				1D30AB110D05D00D00671497 /* Foundation.framework */,
				288765A40DF7441C002DB57D /* CoreGraphics.framework */,
				39EA50A0123F211F004E4043 /* MessageUI.framework */,
			);
			name = Frameworks;
			sourceTree = "<group>";
		};
		39EF1F0A1299EC6B00261349 /* Libraries */ = {
			isa = PBXGroup;
			children = (
				39EF1F0B1299EC6B00261349 /* CrashManager */,
				39EF1F121299EC6B00261349 /* Mailer */,
			);
			name = Libraries;
			path = libs;
			sourceTree = "<group>";
		};
		39EF1F0B1299EC6B00261349 /* CrashManager */ = {
			isa = PBXGroup;
			children = (
				39EF1F0C1299EC6B00261349 /* CrashManager.h */,
				39EF1F0D1299EC6B00261349 /* CrashManager.m */,
				39EF1F0E1299EC6B00261349 /* StackTracer.h */,
				39EF1F0F1299EC6B00261349 /* StackTracer.m */,
				39EF1F101299EC6B00261349 /* Support */,
			);
			path = CrashManager;
			sourceTree = "<group>";
		};
		39EF1F101299EC6B00261349 /* Support */ = {
			isa = PBXGroup;
			children = (
				39EF1F111299EC6B00261349 /* SynthesizeSingleton.h */,
				15B5B51F152AF3170042EA2E /* MacAdress.h */,
				15B5B520152AF3170042EA2E /* MacAdress.m */,
				15B5B525152AF4E80042EA2E /* NSString+SHA.h */,
				15B5B526152AF4E80042EA2E /* NSString+SHA.m */,
			);
			path = Support;
			sourceTree = "<group>";
		};
		39EF1F121299EC6B00261349 /* Mailer */ = {
			isa = PBXGroup;
			children = (
				39EF1F131299EC6B00261349 /* Mailer.h */,
				39EF1F141299EC6B00261349 /* Mailer.m */,
				39EF1F151299EC6B00261349 /* ModalViewPresenter.h */,
				39EF1F161299EC6B00261349 /* ModalViewPresenter.m */,
			);
			path = Mailer;
			sourceTree = "<group>";
		};
/* End PBXGroup section */

/* Begin PBXNativeTarget section */
		1D6058900D05DD3D006BFB54 /* CrashManager Demo */ = {
			isa = PBXNativeTarget;
			buildConfigurationList = 1D6058960D05DD3E006BFB54 /* Build configuration list for PBXNativeTarget "CrashManager Demo" */;
			buildPhases = (
				1D60588D0D05DD3D006BFB54 /* Resources */,
				1D60588E0D05DD3D006BFB54 /* Sources */,
				1D60588F0D05DD3D006BFB54 /* Frameworks */,
			);
			buildRules = (
			);
			dependencies = (
			);
			name = "CrashManager Demo";
			productName = CrashManager;
			productReference = 1D6058910D05DD3D006BFB54 /* CrashManager Demo.app */;
			productType = "com.apple.product-type.application";
		};
/* End PBXNativeTarget section */

/* Begin PBXProject section */
		29B97313FDCFA39411CA2CEA /* Project object */ = {
			isa = PBXProject;
			attributes = {
				LastUpgradeCheck = 0430;
			};
			buildConfigurationList = C01FCF4E08A954540054247B /* Build configuration list for PBXProject "CrashManager" */;
			compatibilityVersion = "Xcode 3.2";
			developmentRegion = English;
			hasScannedForEncodings = 1;
			knownRegions = (
				English,
				Japanese,
				French,
				German,
			);
			mainGroup = 29B97314FDCFA39411CA2CEA /* CustomTemplate */;
			projectDirPath = "";
			projectRoot = "";
			targets = (
				1D6058900D05DD3D006BFB54 /* CrashManager Demo */,
			);
		};
/* End PBXProject section */

/* Begin PBXResourcesBuildPhase section */
		1D60588D0D05DD3D006BFB54 /* Resources */ = {
			isa = PBXResourcesBuildPhase;
			buildActionMask = 2147483647;
			files = (
				28AD733F0D9D9553002E5188 /* MainWindow.xib in Resources */,
				2899E5220DE3E06400AC0155 /* CrashManagerDemoViewController.xib in Resources */,
			);
			runOnlyForDeploymentPostprocessing = 0;
		};
/* End PBXResourcesBuildPhase section */

/* Begin PBXSourcesBuildPhase section */
		1D60588E0D05DD3D006BFB54 /* Sources */ = {
			isa = PBXSourcesBuildPhase;
			buildActionMask = 2147483647;
			files = (
				1D60589B0D05DD56006BFB54 /* main.m in Sources */,
				1D3623260D0F684500981E51 /* CrashManagerDemoAppDelegate.m in Sources */,
				28D7ACF80DDB3853001CB0EB /* CrashManagerDemoViewController.m in Sources */,
				39EF1F171299EC6B00261349 /* CrashManager.m in Sources */,
				39EF1F181299EC6B00261349 /* StackTracer.m in Sources */,
				39EF1F191299EC6B00261349 /* Mailer.m in Sources */,
				39EF1F1A1299EC6B00261349 /* ModalViewPresenter.m in Sources */,
				15B5B521152AF3170042EA2E /* MacAdress.m in Sources */,
				15B5B527152AF4E80042EA2E /* NSString+SHA.m in Sources */,
			);
			runOnlyForDeploymentPostprocessing = 0;
		};
/* End PBXSourcesBuildPhase section */

/* Begin XCBuildConfiguration section */
		1D6058940D05DD3E006BFB54 /* Debug */ = {
			isa = XCBuildConfiguration;
			buildSettings = {
				ALWAYS_SEARCH_USER_PATHS = NO;
				COPY_PHASE_STRIP = NO;
				GCC_DYNAMIC_NO_PIC = NO;
				GCC_OPTIMIZATION_LEVEL = 0;
				GCC_PRECOMPILE_PREFIX_HEADER = YES;
				GCC_PREFIX_HEADER = CrashManager_Prefix.pch;
				INFOPLIST_FILE = "CrashManager-Info.plist";
				PRODUCT_NAME = "CrashManager Demo";
			};
			name = Debug;
		};
		1D6058950D05DD3E006BFB54 /* Release */ = {
			isa = XCBuildConfiguration;
			buildSettings = {
				ALWAYS_SEARCH_USER_PATHS = NO;
				COPY_PHASE_STRIP = YES;
				GCC_PRECOMPILE_PREFIX_HEADER = YES;
				GCC_PREFIX_HEADER = CrashManager_Prefix.pch;
				INFOPLIST_FILE = "CrashManager-Info.plist";
				PRODUCT_NAME = "CrashManager Demo";
				VALIDATE_PRODUCT = YES;
			};
			name = Release;
		};
		C01FCF4F08A954540054247B /* Debug */ = {
			isa = XCBuildConfiguration;
			buildSettings = {
				ARCHS = "$(ARCHS_STANDARD_32_BIT)";
				"CODE_SIGN_IDENTITY[sdk=iphoneos*]" = "iPhone Developer";
				GCC_C_LANGUAGE_STANDARD = c99;
				GCC_WARN_ABOUT_RETURN_TYPE = YES;
				GCC_WARN_UNUSED_VARIABLE = YES;
				SDKROOT = iphoneos;
			};
			name = Debug;
		};
		C01FCF5008A954540054247B /* Release */ = {
			isa = XCBuildConfiguration;
			buildSettings = {
				ARCHS = "$(ARCHS_STANDARD_32_BIT)";
				"CODE_SIGN_IDENTITY[sdk=iphoneos*]" = "iPhone Developer";
				GCC_C_LANGUAGE_STANDARD = c99;
				GCC_WARN_ABOUT_RETURN_TYPE = YES;
				GCC_WARN_UNUSED_VARIABLE = YES;
				OTHER_CFLAGS = "-DNS_BLOCK_ASSERTIONS=1";
				SDKROOT = iphoneos;
			};
			name = Release;
		};
/* End XCBuildConfiguration section */

/* Begin XCConfigurationList section */
		1D6058960D05DD3E006BFB54 /* Build configuration list for PBXNativeTarget "CrashManager Demo" */ = {
			isa = XCConfigurationList;
			buildConfigurations = (
				1D6058940D05DD3E006BFB54 /* Debug */,
				1D6058950D05DD3E006BFB54 /* Release */,
			);
			defaultConfigurationIsVisible = 0;
			defaultConfigurationName = Release;
		};
		C01FCF4E08A954540054247B /* Build configuration list for PBXProject "CrashManager" */ = {
			isa = XCConfigurationList;
			buildConfigurations = (
				C01FCF4F08A954540054247B /* Debug */,
				C01FCF5008A954540054247B /* Release */,
			);
			defaultConfigurationIsVisible = 0;
			defaultConfigurationName = Release;
		};
/* End XCConfigurationList section */
	};
	rootObject = 29B97313FDCFA39411CA2CEA /* Project object */;
}
